
Microsoft Visual Studio Solution File, Format Version 12.00
# Visual Studio Version 17
VisualStudioVersion = 17.13.35919.96
MinimumVisualStudioVersion = 10.0.40219.1
Project("{FAE04EC0-301F-11D3-BF4B-00C04F79EFBC}") = "ConsoleTodo", "ConsoleTodo\ConsoleTodo.csproj", "{9787CA3C-2815-B525-BF6A-C6751D080960}"
EndProject
Project("{FAE04EC0-301F-11D3-BF4B-00C04F79EFBC}") = "Student.Todo", "Student.Todo\Student.Todo.csproj", "{C8C92DA5-FE01-4FB6-BD38-E00B19A7C4A6}"
EndProject
Project("{FAE04EC0-301F-11D3-BF4B-00C04F79EFBC}") = "Student.Todo.Data", "Student.Todo.Data\Student.Todo.Data.csproj", "{0323545C-35B2-4E46-B0CD-C78A9750A70B}"
EndProject
Project("{FAE04EC0-301F-11D3-BF4B-00C04F79EFBC}") = "Student.WebFormsTodo", "Student.WebFormsTodo\Student.WebFormsTodo.csproj", "{5F2F0696-972C-42F9-9228-F3E3FD74BB69}"
EndProject
Project("{FAE04EC0-301F-11D3-BF4B-00C04F79EFBC}") = "Student.MVC.Todo", "Student.MVC.Todo\Student.MVC.Todo.csproj", "{F2B4F055-9A9D-4334-8C22-F90919270F27}"
EndProject
Global
	GlobalSection(SolutionConfigurationPlatforms) = preSolution
		Debug|Any CPU = Debug|Any CPU
		Release|Any CPU = Release|Any CPU
	EndGlobalSection
	GlobalSection(ProjectConfigurationPlatforms) = postSolution
		{9787CA3C-2815-B525-BF6A-C6751D080960}.Debug|Any CPU.ActiveCfg = Debug|Any CPU
		{9787CA3C-2815-B525-BF6A-C6751D080960}.Debug|Any CPU.Build.0 = Debug|Any CPU
		{9787CA3C-2815-B525-BF6A-C6751D080960}.Release|Any CPU.ActiveCfg = Release|Any CPU
		{9787CA3C-2815-B525-BF6A-C6751D080960}.Release|Any CPU.Build.0 = Release|Any CPU
		{C8C92DA5-FE01-4FB6-BD38-E00B19A7C4A6}.Debug|Any CPU.ActiveCfg = Debug|Any CPU
		{C8C92DA5-FE01-4FB6-BD38-E00B19A7C4A6}.Debug|Any CPU.Build.0 = Debug|Any CPU
		{C8C92DA5-FE01-4FB6-BD38-E00B19A7C4A6}.Release|Any CPU.ActiveCfg = Release|Any CPU
		{C8C92DA5-FE01-4FB6-BD38-E00B19A7C4A6}.Release|Any CPU.Build.0 = Release|Any CPU
		{0323545C-35B2-4E46-B0CD-C78A9750A70B}.Debug|Any CPU.ActiveCfg = Debug|Any CPU
		{0323545C-35B2-4E46-B0CD-C78A9750A70B}.Debug|Any CPU.Build.0 = Debug|Any CPU
		{0323545C-35B2-4E46-B0CD-C78A9750A70B}.Release|Any CPU.ActiveCfg = Release|Any CPU
		{0323545C-35B2-4E46-B0CD-C78A9750A70B}.Release|Any CPU.Build.0 = Release|Any CPU
		{5F2F0696-972C-42F9-9228-F3E3FD74BB69}.Debug|Any CPU.ActiveCfg = Debug|Any CPU
		{5F2F0696-972C-42F9-9228-F3E3FD74BB69}.Debug|Any CPU.Build.0 = Debug|Any CPU
		{5F2F0696-972C-42F9-9228-F3E3FD74BB69}.Release|Any CPU.ActiveCfg = Release|Any CPU
		{5F2F0696-972C-42F9-9228-F3E3FD74BB69}.Release|Any CPU.Build.0 = Release|Any CPU
		{F2B4F055-9A9D-4334-8C22-F90919270F27}.Debug|Any CPU.ActiveCfg = Debug|Any CPU
		{F2B4F055-9A9D-4334-8C22-F90919270F27}.Debug|Any CPU.Build.0 = Debug|Any CPU
		{F2B4F055-9A9D-4334-8C22-F90919270F27}.Release|Any CPU.ActiveCfg = Release|Any CPU
		{F2B4F055-9A9D-4334-8C22-F90919270F27}.Release|Any CPU.Build.0 = Release|Any CPU
	EndGlobalSection
	GlobalSection(SolutionProperties) = preSolution
		HideSolutionNode = FALSE
	EndGlobalSection
	GlobalSection(ExtensibilityGlobals) = postSolution
		SolutionGuid = {A2863809-AB8F-49E3-BD79-81252721182A}
	EndGlobalSection
EndGlobal
