
Microsoft Visual Studio Solution File, Format Version 12.00
# Visual Studio Version 17
VisualStudioVersion = 17.13.35919.96 d17.13
MinimumVisualStudioVersion = 10.0.40219.1
Project("{FAE04EC0-301F-11D3-BF4B-00C04F79EFBC}") = "ConsoleTodo", "ConsoleTodo.csproj", "{333DC701-B9E9-4842-A253-AF61F90EFD4D}"
EndProject
Global
	GlobalSection(SolutionConfigurationPlatforms) = preSolution
		Debug|Any CPU = Debug|Any CPU
		Release|Any CPU = Release|Any CPU
	EndGlobalSection
	GlobalSection(ProjectConfigurationPlatforms) = postSolution
		{333DC701-B9E9-4842-A253-AF61F90EFD4D}.Debug|Any CPU.ActiveCfg = Debug|Any CPU
		{333DC701-B9E9-4842-A253-AF61F90EFD4D}.Debug|Any CPU.Build.0 = Debug|Any CPU
		{333DC701-B9E9-4842-A253-AF61F90EFD4D}.Release|Any CPU.ActiveCfg = Release|Any CPU
		{333DC701-B9E9-4842-A253-AF61F90EFD4D}.Release|Any CPU.Build.0 = Release|Any CPU
	EndGlobalSection
	GlobalSection(SolutionProperties) = preSolution
		HideSolutionNode = FALSE
	EndGlobalSection
	GlobalSection(ExtensibilityGlobals) = postSolution
		SolutionGuid = {952236B2-B910-4CDD-9C43-190EEFDBD9BB}
	EndGlobalSection
EndGlobal
