
Microsoft Visual Studio Solution File, Format Version 12.00
# Visual Studio Version 17
VisualStudioVersion = 17.14.36212.18 d17.14
MinimumVisualStudioVersion = 10.0.40219.1
Project("{FAE04EC0-301F-11D3-BF4B-00C04F79EFBC}") = "WindowsTodo", "WindowsTodo.csproj", "{243928A2-E1D6-468F-A341-5DA6DD84AC20}"
EndProject
Global
	GlobalSection(SolutionConfigurationPlatforms) = preSolution
		Debug|Any CPU = Debug|Any CPU
		Release|Any CPU = Release|Any CPU
	EndGlobalSection
	GlobalSection(ProjectConfigurationPlatforms) = postSolution
		{243928A2-E1D6-468F-A341-5DA6DD84AC20}.Debug|Any CPU.ActiveCfg = Debug|Any CPU
		{243928A2-E1D6-468F-A341-5DA6DD84AC20}.Debug|Any CPU.Build.0 = Debug|Any CPU
		{243928A2-E1D6-468F-A341-5DA6DD84AC20}.Release|Any CPU.ActiveCfg = Release|Any CPU
		{243928A2-E1D6-468F-A341-5DA6DD84AC20}.Release|Any CPU.Build.0 = Release|Any CPU
	EndGlobalSection
	GlobalSection(SolutionProperties) = preSolution
		HideSolutionNode = FALSE
	EndGlobalSection
	GlobalSection(ExtensibilityGlobals) = postSolution
		SolutionGuid = {E6372A96-CBFC-4F88-8C5F-F7052D07EBBE}
	EndGlobalSection
EndGlobal
